
Microsoft Visual Studio Solution File, Format Version 12.00
# Visual Studio Version 17
VisualStudioVersion = 17.9.34728.123
MinimumVisualStudioVersion = 10.0.40219.1
Project("{FAE04EC0-301F-11D3-BF4B-00C04F79EFBC}") = "Lab04", "Lab04\Lab04.csproj", "{DF709675-E8F8-41DE-8D19-62880A38452D}"
EndProject
Global
	GlobalSection(SolutionConfigurationPlatforms) = preSolution
		Debug|Any CPU = Debug|Any CPU
		Release|Any CPU = Release|Any CPU
	EndGlobalSection
	GlobalSection(ProjectConfigurationPlatforms) = postSolution
		{DF709675-E8F8-41DE-8D19-62880A38452D}.Debug|Any CPU.ActiveCfg = Debug|Any CPU
		{DF709675-E8F8-41DE-8D19-62880A38452D}.Debug|Any CPU.Build.0 = Debug|Any CPU
		{DF709675-E8F8-41DE-8D19-62880A38452D}.Release|Any CPU.ActiveCfg = Release|Any CPU
		{DF709675-E8F8-41DE-8D19-62880A38452D}.Release|Any CPU.Build.0 = Release|Any CPU
	EndGlobalSection
	GlobalSection(SolutionProperties) = preSolution
		HideSolutionNode = FALSE
	EndGlobalSection
	GlobalSection(ExtensibilityGlobals) = postSolution
		SolutionGuid = {C71FDF6C-69BE-41F8-962F-14DFE5AD09A1}
	EndGlobalSection
EndGlobal
